# This file is autogenerated, do not edit; changes may be undone by the next 'dep ensure'.


[[projects]]
  name = "github.com/BurntSushi/toml"
  packages = ["."]
  revision = "b26d9c308763d68093482582cea63d69be07a0f0"
  version = "v0.3.0"

[[projects]]
  branch = "master"
  name = "github.com/bingoohuang/go-utils"
  packages = ["."]
  revision = "15425dc6841e38935affdb9aac996fd13f4462d6"

[[projects]]
  name = "github.com/go-ini/ini"
  packages = ["."]
  revision = "06f5f3d67269ccec1fe5fe4134ba6e982984f7f5"
  version = "v1.37.0"

[[projects]]
  name = "github.com/go-redis/redis"
  packages = [
    ".",
    "internal",
    "internal/consistenthash",
    "internal/hashtag",
    "internal/pool",
    "internal/proto",
    "internal/singleflight",
    "internal/util"
  ]
  revision = "83fb42932f6145ce52df09860384a4653d2d332a"
  version = "v6.12.0"

[[projects]]
  name = "github.com/gorilla/context"
  packages = ["."]
  revision = "08b5f424b9271eedf6f9f0ce86cb9396ed337a42"
  version = "v1.1.1"

[[projects]]
  name = "github.com/gorilla/mux"
  packages = ["."]
  revision = "e3702bed27f0d39777b0b37b664b6280e8ef8fbf"
  version = "v1.6.2"

[[projects]]
  branch = "master"
  name = "github.com/holys/goredis"
  packages = ["."]
  revision = "0190d3dd3e98583f41ed746d32c67591a1fb7f8c"

[[projects]]
  branch = "master"
  name = "github.com/lunny/log"
  packages = ["."]
  revision = "7887c61bf0de75586961948b286be6f7d05d9f58"

[[projects]]
  name = "github.com/pelletier/go-toml"
  packages = ["."]
  revision = "c01d1270ff3e442a8a57cddc1c92dc1138598194"
  version = "v1.2.0"

[[projects]]
  branch = "master"
  name = "github.com/skratchdot/open-golang"
  packages = ["open"]
  revision = "75fb7ed4208cf72d323d7d02fd1a5964a7a9073c"

[[projects]]
  name = "github.com/tdewolff/minify"
  packages = [
    ".",
    "css",
    "html",
    "js"
  ]
  revision = "8d72a4127ae33b755e95bffede9b92e396267ce2"
  version = "v2.3.5"

[[projects]]
  name = "github.com/tdewolff/parse"
  packages = [
    ".",
    "buffer",
    "css",
    "html",
    "js",
    "strconv"
  ]
  revision = "639f6272aec6b52094db77b9ec488214b0b4b1a1"
  version = "v2.3.2"

[solve-meta]
  analyzer-name = "dep"
  analyzer-version = 1
  inputs-digest = "5b7483d981cf8f99146910be161d042ea062c46c69905f6d7587372d8a28872a"
  solver-name = "gps-cdcl"
  solver-version = 1
